
Microsoft Visual Studio Solution File, Format Version 12.00
# Visual Studio Version 17
VisualStudioVersion = 17.3.32929.385
MinimumVisualStudioVersion = 10.0.40219.1
Project("{FAE04EC0-301F-11D3-BF4B-00C04F79EFBC}") = "QuantoTaOPrecoAPI", "QuantoTaOPrecoAPI\QuantoTaOPrecoAPI.csproj", "{29D55B4A-AF01-45DA-A7F7-0D9A58A3E1A2}"
EndProject
Global
	GlobalSection(SolutionConfigurationPlatforms) = preSolution
		Debug|Any CPU = Debug|Any CPU
		Release|Any CPU = Release|Any CPU
	EndGlobalSection
	GlobalSection(ProjectConfigurationPlatforms) = postSolution
		{29D55B4A-AF01-45DA-A7F7-0D9A58A3E1A2}.Debug|Any CPU.ActiveCfg = Debug|Any CPU
		{29D55B4A-AF01-45DA-A7F7-0D9A58A3E1A2}.Debug|Any CPU.Build.0 = Debug|Any CPU
		{29D55B4A-AF01-45DA-A7F7-0D9A58A3E1A2}.Release|Any CPU.ActiveCfg = Release|Any CPU
		{29D55B4A-AF01-45DA-A7F7-0D9A58A3E1A2}.Release|Any CPU.Build.0 = Release|Any CPU
	EndGlobalSection
	GlobalSection(SolutionProperties) = preSolution
		HideSolutionNode = FALSE
	EndGlobalSection
	GlobalSection(ExtensibilityGlobals) = postSolution
		SolutionGuid = {DD91777C-498E-4F3F-AE69-898646448711}
	EndGlobalSection
EndGlobal
